
Microsoft Visual Studio Solution File, Format Version 12.00
# Visual Studio Version 16
VisualStudioVersion = 16.0.34031.81
MinimumVisualStudioVersion = 10.0.40219.1
Project("{2150E333-8FDC-42A3-9474-1A3956D46DE8}") = "Task0", "Task0", "{8EEC8A6D-FF4A-486A-A160-66872DBC090E}"
EndProject
Project("{FAE04EC0-301F-11D3-BF4B-00C04F79EFBC}") = "Tyuiu.ChebulaevAG.Sprint2.Task0.V19", "Tyuiu.ChebulaevAG.Sprint2.Task0.V19\Tyuiu.ChebulaevAG.Sprint2.Task0.V19.csproj", "{4E556DCC-373E-4F32-8434-6B7226E681F4}"
EndProject
Project("{FAE04EC0-301F-11D3-BF4B-00C04F79EFBC}") = "Tyuiu.ChebulaevAG.Sprint2.Task0.V19.Lib", "Tyuiu.ChebulaevAG.Sprint2.Task0.V19.Lib\Tyuiu.ChebulaevAG.Sprint2.Task0.V19.Lib.csproj", "{EA485AB9-F764-4082-A590-F18BFCB08427}"
EndProject
Project("{FAE04EC0-301F-11D3-BF4B-00C04F79EFBC}") = "Tyuiu.ChebulaevAG.Sprint2.Task0.V19.Test", "Tyuiu.ChebulaevAG.Sprint2.Task0.V19.Test\Tyuiu.ChebulaevAG.Sprint2.Task0.V19.Test.csproj", "{C9BEE362-F239-4E10-B14B-5FF07D37FE13}"
EndProject
Project("{2150E333-8FDC-42A3-9474-1A3956D46DE8}") = "Task1", "Task1", "{26261109-04D5-4401-A35D-04DEDDEB2657}"
EndProject
Project("{FAE04EC0-301F-11D3-BF4B-00C04F79EFBC}") = "Tyuiu.ChebulaevAG.Sprint2.Task1.V23", "Tyuiu.ChebulaevAG.Sprint2.Task1.V23\Tyuiu.ChebulaevAG.Sprint2.Task1.V23.csproj", "{0AB55778-992B-49D1-BFB4-4284330536DF}"
EndProject
Project("{FAE04EC0-301F-11D3-BF4B-00C04F79EFBC}") = "Tyuiu.ChebulaevAG.Sprint2.Task1.V23.Lib", "Tyuiu.ChebulaevAG.Sprint2.Task1.V23.Lib\Tyuiu.ChebulaevAG.Sprint2.Task1.V23.Lib.csproj", "{5AFCF0C0-2F43-4821-AB6B-CCC3420A63F3}"
EndProject
Project("{FAE04EC0-301F-11D3-BF4B-00C04F79EFBC}") = "Tyuiu.ChebulaevAG.Sprint2.Task1.V23.Test", "Tyuiu.ChebulaevAG.Sprint2.Task1.V23.Test\Tyuiu.ChebulaevAG.Sprint2.Task1.V23.Test.csproj", "{758571A3-91D9-4315-BE1D-FEFF22017D07}"
EndProject
Project("{2150E333-8FDC-42A3-9474-1A3956D46DE8}") = "Task2", "Task2", "{3B99C3BA-C019-467C-B3E3-4ACAAAFEE7F0}"
EndProject
Project("{FAE04EC0-301F-11D3-BF4B-00C04F79EFBC}") = "Tyuiu.ChebulaevAG.Sprint2.Task2.V24", "Tyuiu.ChebulaevAG.Sprint2.Task2.V24\Tyuiu.ChebulaevAG.Sprint2.Task2.V24.csproj", "{E5B0DDF4-F09F-40AB-86E9-AD487E6F89AE}"
EndProject
Project("{FAE04EC0-301F-11D3-BF4B-00C04F79EFBC}") = "Tyuiu.ChebulaevAG.Sprint2.Task2.V24.Lib", "Tyuiu.ChebulaevAG.Sprint2.Task2.V24.Lib\Tyuiu.ChebulaevAG.Sprint2.Task2.V24.Lib.csproj", "{AAFCA1F4-A3FD-4830-99C2-9FF53DFD3A39}"
EndProject
Project("{FAE04EC0-301F-11D3-BF4B-00C04F79EFBC}") = "Tyuiu.ChebulaevAG.Sprint2.Task2.V24.Test", "Tyuiu.ChebulaevAG.Sprint2.Task2.V24.Test\Tyuiu.ChebulaevAG.Sprint2.Task2.V24.Test.csproj", "{99A5D08E-A2B4-4349-BFD4-D20C08436E8E}"
EndProject
Project("{2150E333-8FDC-42A3-9474-1A3956D46DE8}") = "Task3", "Task3", "{02DA0CEC-F2DC-4844-89C1-78519ADB27E0}"
EndProject
Project("{FAE04EC0-301F-11D3-BF4B-00C04F79EFBC}") = "Tyuiu.ChebulaevAG.Sprint2.Task3.V13", "Tyuiu.ChebulaevAG.Sprint2.Task3.V13\Tyuiu.ChebulaevAG.Sprint2.Task3.V13.csproj", "{FFC38CC8-E97B-43EB-84AC-830FDB37CC0E}"
EndProject
Project("{FAE04EC0-301F-11D3-BF4B-00C04F79EFBC}") = "Tyuiu.ChebulaevAG.Sprint2.Task3.V13.Lib", "Tyuiu.ChebulaevAG.Sprint2.Task3.V13.Lib\Tyuiu.ChebulaevAG.Sprint2.Task3.V13.Lib.csproj", "{35CEA2AD-5718-4701-8C54-4CEB03A9EEEE}"
EndProject
Project("{FAE04EC0-301F-11D3-BF4B-00C04F79EFBC}") = "Tyuiu.ChebulaevAG.Sprint2.Task3.V13.Test", "Tyuiu.ChebulaevAG.Sprint2.Task3.V13.Test\Tyuiu.ChebulaevAG.Sprint2.Task3.V13.Test.csproj", "{B417EDED-C899-4C54-961B-92D310BCD898}"
EndProject
Project("{2150E333-8FDC-42A3-9474-1A3956D46DE8}") = "Task4", "Task4", "{FDA8CD88-0324-43D6-A509-D7B7B6D3AB59}"
EndProject
Project("{FAE04EC0-301F-11D3-BF4B-00C04F79EFBC}") = "Tyuiu.ChebulaevAG.Sprint2.Task4.V5", "Tyuiu.ChebulaevAG.Sprint2.Task4.V5\Tyuiu.ChebulaevAG.Sprint2.Task4.V5.csproj", "{F88295E8-0DC8-4794-9C50-893A53CAC414}"
EndProject
Project("{FAE04EC0-301F-11D3-BF4B-00C04F79EFBC}") = "Tyuiu.ChebulaevAG.Sprint2.Task4.V5.Lib", "Tyuiu.ChebulaevAG.Sprint2.Task4.V5.Lib\Tyuiu.ChebulaevAG.Sprint2.Task4.V5.Lib.csproj", "{5E6C4D30-1570-428C-871E-E03F21CD7FCD}"
EndProject
Project("{FAE04EC0-301F-11D3-BF4B-00C04F79EFBC}") = "Tyuiu.ChebulaevAG.Sprint2.Task4.V5.Test", "Tyuiu.ChebulaevAG.Sprint2.Task4.V5.Test\Tyuiu.ChebulaevAG.Sprint2.Task4.V5.Test.csproj", "{131A83A3-D4EC-44A3-83D7-06AC6E807B29}"
EndProject
Global
	GlobalSection(SolutionConfigurationPlatforms) = preSolution
		Debug|Any CPU = Debug|Any CPU
		Release|Any CPU = Release|Any CPU
	EndGlobalSection
	GlobalSection(ProjectConfigurationPlatforms) = postSolution
		{4E556DCC-373E-4F32-8434-6B7226E681F4}.Debug|Any CPU.ActiveCfg = Debug|Any CPU
		{4E556DCC-373E-4F32-8434-6B7226E681F4}.Debug|Any CPU.Build.0 = Debug|Any CPU
		{4E556DCC-373E-4F32-8434-6B7226E681F4}.Release|Any CPU.ActiveCfg = Release|Any CPU
		{4E556DCC-373E-4F32-8434-6B7226E681F4}.Release|Any CPU.Build.0 = Release|Any CPU
		{EA485AB9-F764-4082-A590-F18BFCB08427}.Debug|Any CPU.ActiveCfg = Debug|Any CPU
		{EA485AB9-F764-4082-A590-F18BFCB08427}.Debug|Any CPU.Build.0 = Debug|Any CPU
		{EA485AB9-F764-4082-A590-F18BFCB08427}.Release|Any CPU.ActiveCfg = Release|Any CPU
		{EA485AB9-F764-4082-A590-F18BFCB08427}.Release|Any CPU.Build.0 = Release|Any CPU
		{C9BEE362-F239-4E10-B14B-5FF07D37FE13}.Debug|Any CPU.ActiveCfg = Debug|Any CPU
		{C9BEE362-F239-4E10-B14B-5FF07D37FE13}.Debug|Any CPU.Build.0 = Debug|Any CPU
		{C9BEE362-F239-4E10-B14B-5FF07D37FE13}.Release|Any CPU.ActiveCfg = Release|Any CPU
		{C9BEE362-F239-4E10-B14B-5FF07D37FE13}.Release|Any CPU.Build.0 = Release|Any CPU
		{0AB55778-992B-49D1-BFB4-4284330536DF}.Debug|Any CPU.ActiveCfg = Debug|Any CPU
		{0AB55778-992B-49D1-BFB4-4284330536DF}.Debug|Any CPU.Build.0 = Debug|Any CPU
		{0AB55778-992B-49D1-BFB4-4284330536DF}.Release|Any CPU.ActiveCfg = Release|Any CPU
		{0AB55778-992B-49D1-BFB4-4284330536DF}.Release|Any CPU.Build.0 = Release|Any CPU
		{5AFCF0C0-2F43-4821-AB6B-CCC3420A63F3}.Debug|Any CPU.ActiveCfg = Debug|Any CPU
		{5AFCF0C0-2F43-4821-AB6B-CCC3420A63F3}.Debug|Any CPU.Build.0 = Debug|Any CPU
		{5AFCF0C0-2F43-4821-AB6B-CCC3420A63F3}.Release|Any CPU.ActiveCfg = Release|Any CPU
		{5AFCF0C0-2F43-4821-AB6B-CCC3420A63F3}.Release|Any CPU.Build.0 = Release|Any CPU
		{758571A3-91D9-4315-BE1D-FEFF22017D07}.Debug|Any CPU.ActiveCfg = Debug|Any CPU
		{758571A3-91D9-4315-BE1D-FEFF22017D07}.Debug|Any CPU.Build.0 = Debug|Any CPU
		{758571A3-91D9-4315-BE1D-FEFF22017D07}.Release|Any CPU.ActiveCfg = Release|Any CPU
		{758571A3-91D9-4315-BE1D-FEFF22017D07}.Release|Any CPU.Build.0 = Release|Any CPU
		{E5B0DDF4-F09F-40AB-86E9-AD487E6F89AE}.Debug|Any CPU.ActiveCfg = Debug|Any CPU
		{E5B0DDF4-F09F-40AB-86E9-AD487E6F89AE}.Debug|Any CPU.Build.0 = Debug|Any CPU
		{E5B0DDF4-F09F-40AB-86E9-AD487E6F89AE}.Release|Any CPU.ActiveCfg = Release|Any CPU
		{E5B0DDF4-F09F-40AB-86E9-AD487E6F89AE}.Release|Any CPU.Build.0 = Release|Any CPU
		{AAFCA1F4-A3FD-4830-99C2-9FF53DFD3A39}.Debug|Any CPU.ActiveCfg = Debug|Any CPU
		{AAFCA1F4-A3FD-4830-99C2-9FF53DFD3A39}.Debug|Any CPU.Build.0 = Debug|Any CPU
		{AAFCA1F4-A3FD-4830-99C2-9FF53DFD3A39}.Release|Any CPU.ActiveCfg = Release|Any CPU
		{AAFCA1F4-A3FD-4830-99C2-9FF53DFD3A39}.Release|Any CPU.Build.0 = Release|Any CPU
		{99A5D08E-A2B4-4349-BFD4-D20C08436E8E}.Debug|Any CPU.ActiveCfg = Debug|Any CPU
		{99A5D08E-A2B4-4349-BFD4-D20C08436E8E}.Debug|Any CPU.Build.0 = Debug|Any CPU
		{99A5D08E-A2B4-4349-BFD4-D20C08436E8E}.Release|Any CPU.ActiveCfg = Release|Any CPU
		{99A5D08E-A2B4-4349-BFD4-D20C08436E8E}.Release|Any CPU.Build.0 = Release|Any CPU
		{FFC38CC8-E97B-43EB-84AC-830FDB37CC0E}.Debug|Any CPU.ActiveCfg = Debug|Any CPU
		{FFC38CC8-E97B-43EB-84AC-830FDB37CC0E}.Debug|Any CPU.Build.0 = Debug|Any CPU
		{FFC38CC8-E97B-43EB-84AC-830FDB37CC0E}.Release|Any CPU.ActiveCfg = Release|Any CPU
		{FFC38CC8-E97B-43EB-84AC-830FDB37CC0E}.Release|Any CPU.Build.0 = Release|Any CPU
		{35CEA2AD-5718-4701-8C54-4CEB03A9EEEE}.Debug|Any CPU.ActiveCfg = Debug|Any CPU
		{35CEA2AD-5718-4701-8C54-4CEB03A9EEEE}.Debug|Any CPU.Build.0 = Debug|Any CPU
		{35CEA2AD-5718-4701-8C54-4CEB03A9EEEE}.Release|Any CPU.ActiveCfg = Release|Any CPU
		{35CEA2AD-5718-4701-8C54-4CEB03A9EEEE}.Release|Any CPU.Build.0 = Release|Any CPU
		{B417EDED-C899-4C54-961B-92D310BCD898}.Debug|Any CPU.ActiveCfg = Debug|Any CPU
		{B417EDED-C899-4C54-961B-92D310BCD898}.Debug|Any CPU.Build.0 = Debug|Any CPU
		{B417EDED-C899-4C54-961B-92D310BCD898}.Release|Any CPU.ActiveCfg = Release|Any CPU
		{B417EDED-C899-4C54-961B-92D310BCD898}.Release|Any CPU.Build.0 = Release|Any CPU
		{F88295E8-0DC8-4794-9C50-893A53CAC414}.Debug|Any CPU.ActiveCfg = Debug|Any CPU
		{F88295E8-0DC8-4794-9C50-893A53CAC414}.Debug|Any CPU.Build.0 = Debug|Any CPU
		{F88295E8-0DC8-4794-9C50-893A53CAC414}.Release|Any CPU.ActiveCfg = Release|Any CPU
		{F88295E8-0DC8-4794-9C50-893A53CAC414}.Release|Any CPU.Build.0 = Release|Any CPU
		{5E6C4D30-1570-428C-871E-E03F21CD7FCD}.Debug|Any CPU.ActiveCfg = Debug|Any CPU
		{5E6C4D30-1570-428C-871E-E03F21CD7FCD}.Debug|Any CPU.Build.0 = Debug|Any CPU
		{5E6C4D30-1570-428C-871E-E03F21CD7FCD}.Release|Any CPU.ActiveCfg = Release|Any CPU
		{5E6C4D30-1570-428C-871E-E03F21CD7FCD}.Release|Any CPU.Build.0 = Release|Any CPU
		{131A83A3-D4EC-44A3-83D7-06AC6E807B29}.Debug|Any CPU.ActiveCfg = Debug|Any CPU
		{131A83A3-D4EC-44A3-83D7-06AC6E807B29}.Debug|Any CPU.Build.0 = Debug|Any CPU
		{131A83A3-D4EC-44A3-83D7-06AC6E807B29}.Release|Any CPU.ActiveCfg = Release|Any CPU
		{131A83A3-D4EC-44A3-83D7-06AC6E807B29}.Release|Any CPU.Build.0 = Release|Any CPU
	EndGlobalSection
	GlobalSection(SolutionProperties) = preSolution
		HideSolutionNode = FALSE
	EndGlobalSection
	GlobalSection(NestedProjects) = preSolution
		{4E556DCC-373E-4F32-8434-6B7226E681F4} = {8EEC8A6D-FF4A-486A-A160-66872DBC090E}
		{EA485AB9-F764-4082-A590-F18BFCB08427} = {8EEC8A6D-FF4A-486A-A160-66872DBC090E}
		{C9BEE362-F239-4E10-B14B-5FF07D37FE13} = {8EEC8A6D-FF4A-486A-A160-66872DBC090E}
		{0AB55778-992B-49D1-BFB4-4284330536DF} = {26261109-04D5-4401-A35D-04DEDDEB2657}
		{5AFCF0C0-2F43-4821-AB6B-CCC3420A63F3} = {26261109-04D5-4401-A35D-04DEDDEB2657}
		{758571A3-91D9-4315-BE1D-FEFF22017D07} = {26261109-04D5-4401-A35D-04DEDDEB2657}
		{E5B0DDF4-F09F-40AB-86E9-AD487E6F89AE} = {3B99C3BA-C019-467C-B3E3-4ACAAAFEE7F0}
		{AAFCA1F4-A3FD-4830-99C2-9FF53DFD3A39} = {3B99C3BA-C019-467C-B3E3-4ACAAAFEE7F0}
		{99A5D08E-A2B4-4349-BFD4-D20C08436E8E} = {3B99C3BA-C019-467C-B3E3-4ACAAAFEE7F0}
		{FFC38CC8-E97B-43EB-84AC-830FDB37CC0E} = {02DA0CEC-F2DC-4844-89C1-78519ADB27E0}
		{35CEA2AD-5718-4701-8C54-4CEB03A9EEEE} = {02DA0CEC-F2DC-4844-89C1-78519ADB27E0}
		{B417EDED-C899-4C54-961B-92D310BCD898} = {02DA0CEC-F2DC-4844-89C1-78519ADB27E0}
		{F88295E8-0DC8-4794-9C50-893A53CAC414} = {FDA8CD88-0324-43D6-A509-D7B7B6D3AB59}
		{5E6C4D30-1570-428C-871E-E03F21CD7FCD} = {FDA8CD88-0324-43D6-A509-D7B7B6D3AB59}
		{131A83A3-D4EC-44A3-83D7-06AC6E807B29} = {FDA8CD88-0324-43D6-A509-D7B7B6D3AB59}
	EndGlobalSection
	GlobalSection(ExtensibilityGlobals) = postSolution
		SolutionGuid = {C84EC5FF-CC6A-48FD-8541-7AEB70A044BA}
	EndGlobalSection
EndGlobal
